
Microsoft Visual Studio Solution File, Format Version 12.00
# Visual Studio Version 16
VisualStudioVersion = 16.0.29728.190
MinimumVisualStudioVersion = 10.0.40219.1
Project("{FAE04EC0-301F-11D3-BF4B-00C04F79EFBC}") = "WebApplication1", "WebApplication1\WebApplication1.csproj", "{F8F2F739-A2D1-4E3A-B46A-9986C037A682}"
EndProject
Global
	GlobalSection(SolutionConfigurationPlatforms) = preSolution
		Debug|Any CPU = Debug|Any CPU
		Release|Any CPU = Release|Any CPU
	EndGlobalSection
	GlobalSection(ProjectConfigurationPlatforms) = postSolution
		{F8F2F739-A2D1-4E3A-B46A-9986C037A682}.Debug|Any CPU.ActiveCfg = Debug|Any CPU
		{F8F2F739-A2D1-4E3A-B46A-9986C037A682}.Debug|Any CPU.Build.0 = Debug|Any CPU
		{F8F2F739-A2D1-4E3A-B46A-9986C037A682}.Release|Any CPU.ActiveCfg = Release|Any CPU
		{F8F2F739-A2D1-4E3A-B46A-9986C037A682}.Release|Any CPU.Build.0 = Release|Any CPU
	EndGlobalSection
	GlobalSection(SolutionProperties) = preSolution
		HideSolutionNode = FALSE
	EndGlobalSection
	GlobalSection(ExtensibilityGlobals) = postSolution
		SolutionGuid = {D0995F99-AB7A-47C2-80B4-BCB22E9DFCFE}
	EndGlobalSection
EndGlobal
